
Microsoft Visual Studio Solution File, Format Version 12.00
# Visual Studio Version 17
VisualStudioVersion = 17.13.35828.75 d17.13
MinimumVisualStudioVersion = 10.0.40219.1
Project("{FAE04EC0-301F-11D3-BF4B-00C04F79EFBC}") = "Social_Media_Application", "Social_Media_Application\Social_Media_Application.csproj", "{67FA1966-5AE5-4CCD-AD6B-2A1367640330}"
EndProject
Global
	GlobalSection(SolutionConfigurationPlatforms) = preSolution
		Debug|Any CPU = Debug|Any CPU
		Release|Any CPU = Release|Any CPU
	EndGlobalSection
	GlobalSection(ProjectConfigurationPlatforms) = postSolution
		{67FA1966-5AE5-4CCD-AD6B-2A1367640330}.Debug|Any CPU.ActiveCfg = Debug|Any CPU
		{67FA1966-5AE5-4CCD-AD6B-2A1367640330}.Debug|Any CPU.Build.0 = Debug|Any CPU
		{67FA1966-5AE5-4CCD-AD6B-2A1367640330}.Release|Any CPU.ActiveCfg = Release|Any CPU
		{67FA1966-5AE5-4CCD-AD6B-2A1367640330}.Release|Any CPU.Build.0 = Release|Any CPU
	EndGlobalSection
	GlobalSection(SolutionProperties) = preSolution
		HideSolutionNode = FALSE
	EndGlobalSection
	GlobalSection(ExtensibilityGlobals) = postSolution
		SolutionGuid = {0F4D33C2-4DAC-4156-BF48-F3B8A8F3FAA5}
	EndGlobalSection
EndGlobal
